
Microsoft Visual Studio Solution File, Format Version 12.00
# Visual Studio 14
VisualStudioVersion = 14.0.25420.1
MinimumVisualStudioVersion = 10.0.40219.1
Project("{FAE04EC0-301F-11D3-BF4B-00C04F79EFBC}") = "week8-mvc", "week8-mvc\week8-mvc.csproj", "{B448F94C-87FE-4BFA-AE06-A4A9A5C57774}"
EndProject
Project("{FAE04EC0-301F-11D3-BF4B-00C04F79EFBC}") = "week8-mvc.Tests", "week8-mvc.Tests\week8-mvc.Tests.csproj", "{43BA6E86-4D56-48D0-9CAF-6BC76D9CFEA9}"
EndProject
Global
	GlobalSection(SolutionConfigurationPlatforms) = preSolution
		Debug|Any CPU = Debug|Any CPU
		Release|Any CPU = Release|Any CPU
	EndGlobalSection
	GlobalSection(ProjectConfigurationPlatforms) = postSolution
		{B448F94C-87FE-4BFA-AE06-A4A9A5C57774}.Debug|Any CPU.ActiveCfg = Debug|Any CPU
		{B448F94C-87FE-4BFA-AE06-A4A9A5C57774}.Debug|Any CPU.Build.0 = Debug|Any CPU
		{B448F94C-87FE-4BFA-AE06-A4A9A5C57774}.Release|Any CPU.ActiveCfg = Release|Any CPU
		{B448F94C-87FE-4BFA-AE06-A4A9A5C57774}.Release|Any CPU.Build.0 = Release|Any CPU
		{43BA6E86-4D56-48D0-9CAF-6BC76D9CFEA9}.Debug|Any CPU.ActiveCfg = Debug|Any CPU
		{43BA6E86-4D56-48D0-9CAF-6BC76D9CFEA9}.Debug|Any CPU.Build.0 = Debug|Any CPU
		{43BA6E86-4D56-48D0-9CAF-6BC76D9CFEA9}.Release|Any CPU.ActiveCfg = Release|Any CPU
		{43BA6E86-4D56-48D0-9CAF-6BC76D9CFEA9}.Release|Any CPU.Build.0 = Release|Any CPU
	EndGlobalSection
	GlobalSection(SolutionProperties) = preSolution
		HideSolutionNode = FALSE
	EndGlobalSection
EndGlobal
